{
  "name": "ww-argos-e2e",
  "version": "1.0.0",
  "lockfileVersion": 3,
  "requires": true,
  "packages": {
    "": {
      "name": "ww-argos-e2e",
      "version": "1.0.0",
      "license": "ISC",
      "dependencies": {
        "csv-parse": "^5.6.0",
        "ww-argos-e2e": "file:"
      },
      "devDependencies": {
        "@playwright/test": "^1.51.1",
        "@types/node": "^22.13.10"
      }
    },
    "node_modules/@playwright/test": {
      "version": "1.51.1",
      "resolved": "https://registry.npmjs.org/@playwright/test/-/test-1.51.1.tgz",
      "integrity": "sha512-nM+kEaTSAoVlXmMPH10017vn3FSiFqr/bh4fKg9vmAdMfd9SDqRZNvPSiAHADc/itWak+qPvMPZQOPwCBW7k7Q==",
      "dev": true,
      "dependencies": {
        "playwright": "1.51.1"
      },
      "bin": {
        "playwright": "cli.js"
      },
      "engines": {
        "node": ">=18"
      }
    },
    "node_modules/@types/node": {
      "version": "22.13.10",
      "resolved": "https://registry.npmjs.org/@types/node/-/node-22.13.10.tgz",
      "integrity": "sha512-I6LPUvlRH+O6VRUqYOcMudhaIdUVWfsjnZavnsraHvpBwaEyMN29ry+0UVJhImYL16xsscu0aske3yA+uPOWfw==",
      "dev": true,
      "dependencies": {
        "undici-types": "~6.20.0"
      }
    },
    "node_modules/csv-parse": {
      "version": "5.6.0",
      "resolved": "https://registry.npmjs.org/csv-parse/-/csv-parse-5.6.0.tgz",
      "integrity": "sha512-l3nz3euub2QMg5ouu5U09Ew9Wf6/wQ8I++ch1loQ0ljmzhmfZYrH9fflS22i/PQEvsPvxCwxgz5q7UB8K1JO4Q=="
    },
    "node_modules/fsevents": {
      "version": "2.3.2",
      "resolved": "https://registry.npmjs.org/fsevents/-/fsevents-2.3.2.tgz",
      "integrity": "sha512-xiqMQR4xAeHTuB9uWm+fFRcIOgKBMiOBP+eXiyT7jsgVCq1bkVygt00oASowB7EdtpOHaaPgKt812P9ab+DDKA==",
      "dev": true,
      "hasInstallScript": true,
      "optional": true,
      "os": [
        "darwin"
      ],
      "engines": {
        "node": "^8.16.0 || ^10.6.0 || >=11.0.0"
      }
    },
    "node_modules/playwright": {
      "version": "1.51.1",
      "resolved": "https://registry.npmjs.org/playwright/-/playwright-1.51.1.tgz",
      "integrity": "sha512-kkx+MB2KQRkyxjYPc3a0wLZZoDczmppyGJIvQ43l+aZihkaVvmu/21kiyaHeHjiFxjxNNFnUncKmcGIyOojsaw==",
      "dev": true,
      "dependencies": {
        "playwright-core": "1.51.1"
      },
      "bin": {
        "playwright": "cli.js"
      },
      "engines": {
        "node": ">=18"
      },
      "optionalDependencies": {
        "fsevents": "2.3.2"
      }
    },
    "node_modules/playwright-core": {
      "version": "1.51.1",
      "resolved": "https://registry.npmjs.org/playwright-core/-/playwright-core-1.51.1.tgz",
      "integrity": "sha512-/crRMj8+j/Nq5s8QcvegseuyeZPxpQCZb6HNk3Sos3BlZyAknRjoyJPFWkpNn8v0+P3WiwqFF8P+zQo4eqiNuw==",
      "dev": true,
      "bin": {
        "playwright-core": "cli.js"
      },
      "engines": {
        "node": ">=18"
      }
    },
    "node_modules/undici-types": {
      "version": "6.20.0",
      "resolved": "https://registry.npmjs.org/undici-types/-/undici-types-6.20.0.tgz",
      "integrity": "sha512-Ny6QZ2Nju20vw1SRHe3d9jVu6gJ+4e3+MMpqu7pqE5HT6WsTSlce++GQmK5UXS8mzV8DSYHrQH+Xrf2jVcuKNg==",
      "dev": true
    },
    "node_modules/ww-argos-e2e": {
      "resolved": "",
      "link": true
    }
  }
}
